
Microsoft Visual Studio Solution File, Format Version 12.00
# Visual Studio Version 16
VisualStudioVersion = 16.0.31129.286
MinimumVisualStudioVersion = 10.0.40219.1
Project("{FAE04EC0-301F-11D3-BF4B-00C04F79EFBC}") = "New World GPU FIX", "New World GPU FIX\New World GPU FIX.csproj", "{A8ABF690-7CD4-4702-9031-A6F92DC895C1}"
EndProject
Global
	GlobalSection(SolutionConfigurationPlatforms) = preSolution
		Debug|Any CPU = Debug|Any CPU
		Release|Any CPU = Release|Any CPU
	EndGlobalSection
	GlobalSection(ProjectConfigurationPlatforms) = postSolution
		{A8ABF690-7CD4-4702-9031-A6F92DC895C1}.Debug|Any CPU.ActiveCfg = Debug|Any CPU
		{A8ABF690-7CD4-4702-9031-A6F92DC895C1}.Debug|Any CPU.Build.0 = Debug|Any CPU
		{A8ABF690-7CD4-4702-9031-A6F92DC895C1}.Release|Any CPU.ActiveCfg = Release|Any CPU
		{A8ABF690-7CD4-4702-9031-A6F92DC895C1}.Release|Any CPU.Build.0 = Release|Any CPU
	EndGlobalSection
	GlobalSection(SolutionProperties) = preSolution
		HideSolutionNode = FALSE
	EndGlobalSection
	GlobalSection(ExtensibilityGlobals) = postSolution
		SolutionGuid = {8FBCB147-3AA0-485F-AE99-EB963CE679B8}
	EndGlobalSection
EndGlobal
